
Microsoft Visual Studio Solution File, Format Version 12.00
# Visual Studio Version 16
VisualStudioVersion = 16.0.30204.135
MinimumVisualStudioVersion = 10.0.40219.1
Project("{9A19103F-16F7-4668-BE54-9A1E7A4F7556}") = "GLBoard.MVC", "GLBoard.MVC\GLBoard.MVC.csproj", "{8AACDD0E-9F71-482B-BBB0-522F3B1E40CA}"
EndProject
Project("{2150E333-8FDC-42A3-9474-1A3956D46DE8}") = "DAL", "DAL", "{E2941552-0B12-43AC-AF6E-5FE95C054DF1}"
EndProject
Project("{FAE04EC0-301F-11D3-BF4B-00C04F79EFBC}") = "DataProvider", "DataProvider\DataProvider.csproj", "{6538FCF1-3DAA-48AB-AE8E-C4D94108CA60}"
EndProject
Project("{FAE04EC0-301F-11D3-BF4B-00C04F79EFBC}") = "Domain", "Domain\Domain.csproj", "{5A1ECB9A-99D2-459A-8FDD-29A175FEAE20}"
EndProject
Project("{FAE04EC0-301F-11D3-BF4B-00C04F79EFBC}") = "Services", "Services\Services.csproj", "{9AA33495-622D-4CE2-98BF-14BC4F7C73FF}"
EndProject
Global
	GlobalSection(SolutionConfigurationPlatforms) = preSolution
		Debug|Any CPU = Debug|Any CPU
		Release|Any CPU = Release|Any CPU
	EndGlobalSection
	GlobalSection(ProjectConfigurationPlatforms) = postSolution
		{8AACDD0E-9F71-482B-BBB0-522F3B1E40CA}.Debug|Any CPU.ActiveCfg = Debug|Any CPU
		{8AACDD0E-9F71-482B-BBB0-522F3B1E40CA}.Debug|Any CPU.Build.0 = Debug|Any CPU
		{8AACDD0E-9F71-482B-BBB0-522F3B1E40CA}.Release|Any CPU.ActiveCfg = Release|Any CPU
		{8AACDD0E-9F71-482B-BBB0-522F3B1E40CA}.Release|Any CPU.Build.0 = Release|Any CPU
		{6538FCF1-3DAA-48AB-AE8E-C4D94108CA60}.Debug|Any CPU.ActiveCfg = Debug|Any CPU
		{6538FCF1-3DAA-48AB-AE8E-C4D94108CA60}.Debug|Any CPU.Build.0 = Debug|Any CPU
		{6538FCF1-3DAA-48AB-AE8E-C4D94108CA60}.Release|Any CPU.ActiveCfg = Release|Any CPU
		{6538FCF1-3DAA-48AB-AE8E-C4D94108CA60}.Release|Any CPU.Build.0 = Release|Any CPU
		{5A1ECB9A-99D2-459A-8FDD-29A175FEAE20}.Debug|Any CPU.ActiveCfg = Debug|Any CPU
		{5A1ECB9A-99D2-459A-8FDD-29A175FEAE20}.Debug|Any CPU.Build.0 = Debug|Any CPU
		{5A1ECB9A-99D2-459A-8FDD-29A175FEAE20}.Release|Any CPU.ActiveCfg = Release|Any CPU
		{5A1ECB9A-99D2-459A-8FDD-29A175FEAE20}.Release|Any CPU.Build.0 = Release|Any CPU
		{9AA33495-622D-4CE2-98BF-14BC4F7C73FF}.Debug|Any CPU.ActiveCfg = Debug|Any CPU
		{9AA33495-622D-4CE2-98BF-14BC4F7C73FF}.Debug|Any CPU.Build.0 = Debug|Any CPU
		{9AA33495-622D-4CE2-98BF-14BC4F7C73FF}.Release|Any CPU.ActiveCfg = Release|Any CPU
		{9AA33495-622D-4CE2-98BF-14BC4F7C73FF}.Release|Any CPU.Build.0 = Release|Any CPU
	EndGlobalSection
	GlobalSection(SolutionProperties) = preSolution
		HideSolutionNode = FALSE
	EndGlobalSection
	GlobalSection(NestedProjects) = preSolution
		{6538FCF1-3DAA-48AB-AE8E-C4D94108CA60} = {E2941552-0B12-43AC-AF6E-5FE95C054DF1}
		{5A1ECB9A-99D2-459A-8FDD-29A175FEAE20} = {E2941552-0B12-43AC-AF6E-5FE95C054DF1}
	EndGlobalSection
	GlobalSection(ExtensibilityGlobals) = postSolution
		SolutionGuid = {383F8D7F-FEE0-4311-8972-3756E5167584}
	EndGlobalSection
EndGlobal
